// !$*UTF8*$!
{
	archiveVersion = 1;
	classes = {
	};
	objectVersion = 48;
	objects = {

/* Begin PBXBuildFile section */
		2780E2151F58DE8E00B4E0A1 /* AppDelegate.swift in Sources */ = {isa = PBXBuildFile; fileRef = 2780E2141F58DE8E00B4E0A1 /* AppDelegate.swift */; };
		2780E2191F58DE8E00B4E0A1 /* ViewController.swift in Sources */ = {isa = PBXBuildFile; fileRef = 2780E2181F58DE8E00B4E0A1 /* ViewController.swift */; };
		2780E21C1F58DE8E00B4E0A1 /* Main.storyboard in Resources */ = {isa = PBXBuildFile; fileRef = 2780E21A1F58DE8E00B4E0A1 /* Main.storyboard */; };
		2780E21E1F58DE8E00B4E0A1 /* Assets.xcassets in Resources */ = {isa = PBXBuildFile; fileRef = 2780E21D1F58DE8E00B4E0A1 /* Assets.xcassets */; };
		2780E2211F58DE8E00B4E0A1 /* LaunchScreen.storyboard in Resources */ = {isa = PBXBuildFile; fileRef = 2780E21F1F58DE8E00B4E0A1 /* LaunchScreen.storyboard */; };
		2780E2291F58DEF800B4E0A1 /* RecordingButton.swift in Sources */ = {isa = PBXBuildFile; fileRef = 2780E2281F58DEF800B4E0A1 /* RecordingButton.swift */; };
/* End PBXBuildFile section */

/* Begin PBXFileReference section */
		2780E2111F58DE8E00B4E0A1 /* ARKitMeasurementSample.app */ = {isa = PBXFileReference; explicitFileType = wrapper.application; includeInIndex = 0; path = ARKitMeasurementSample.app; sourceTree = BUILT_PRODUCTS_DIR; };
		2780E2141F58DE8E00B4E0A1 /* AppDelegate.swift */ = {isa = PBXFileReference; lastKnownFileType = sourcecode.swift; path = AppDelegate.swift; sourceTree = "<group>"; };
		2780E2181F58DE8E00B4E0A1 /* ViewController.swift */ = {isa = PBXFileReference; lastKnownFileType = sourcecode.swift; path = ViewController.swift; sourceTree = "<group>"; };
		2780E21B1F58DE8E00B4E0A1 /* Base */ = {isa = PBXFileReference; lastKnownFileType = file.storyboard; name = Base; path = Base.lproj/Main.storyboard; sourceTree = "<group>"; };
		2780E21D1F58DE8E00B4E0A1 /* Assets.xcassets */ = {isa = PBXFileReference; lastKnownFileType = folder.assetcatalog; path = Assets.xcassets; sourceTree = "<group>"; };
		2780E2201F58DE8E00B4E0A1 /* Base */ = {isa = PBXFileReference; lastKnownFileType = file.storyboard; name = Base; path = Base.lproj/LaunchScreen.storyboard; sourceTree = "<group>"; };
		2780E2221F58DE8E00B4E0A1 /* Info.plist */ = {isa = PBXFileReference; lastKnownFileType = text.plist.xml; path = Info.plist; sourceTree = "<group>"; };
		2780E2281F58DEF800B4E0A1 /* RecordingButton.swift */ = {isa = PBXFileReference; lastKnownFileType = sourcecode.swift; path = RecordingButton.swift; sourceTree = "<group>"; };
/* End PBXFileReference section */

/* Begin PBXFrameworksBuildPhase section */
		2780E20E1F58DE8E00B4E0A1 /* Frameworks */ = {
			isa = PBXFrameworksBuildPhase;
			buildActionMask = 2147483647;
			files = (
			);
			runOnlyForDeploymentPostprocessing = 0;
		};
/* End PBXFrameworksBuildPhase section */

/* Begin PBXGroup section */
		2780E2081F58DE8E00B4E0A1 = {
			isa = PBXGroup;
			children = (
				2780E2131F58DE8E00B4E0A1 /* ARKitMeasurementSample */,
				2780E2121F58DE8E00B4E0A1 /* Products */,
			);
			sourceTree = "<group>";
		};
		2780E2121F58DE8E00B4E0A1 /* Products */ = {
			isa = PBXGroup;
			children = (
				2780E2111F58DE8E00B4E0A1 /* ARKitMeasurementSample.app */,
			);
			name = Products;
			sourceTree = "<group>";
		};
		2780E2131F58DE8E00B4E0A1 /* ARKitMeasurementSample */ = {
			isa = PBXGroup;
			children = (
				2780E2141F58DE8E00B4E0A1 /* AppDelegate.swift */,
				2780E2181F58DE8E00B4E0A1 /* ViewController.swift */,
				2780E21A1F58DE8E00B4E0A1 /* Main.storyboard */,
				2780E21D1F58DE8E00B4E0A1 /* Assets.xcassets */,
				2780E21F1F58DE8E00B4E0A1 /* LaunchScreen.storyboard */,
				2780E2221F58DE8E00B4E0A1 /* Info.plist */,
				2780E2281F58DEF800B4E0A1 /* RecordingButton.swift */,
			);
			path = ARKitMeasurementSample;
			sourceTree = "<group>";
		};
/* End PBXGroup section */

/* Begin PBXNativeTarget section */
		2780E2101F58DE8E00B4E0A1 /* ARKitMeasurementSample */ = {
			isa = PBXNativeTarget;
			buildConfigurationList = 2780E2251F58DE8E00B4E0A1 /* Build configuration list for PBXNativeTarget "ARKitMeasurementSample" */;
			buildPhases = (
				2780E20D1F58DE8E00B4E0A1 /* Sources */,
				2780E20E1F58DE8E00B4E0A1 /* Frameworks */,
				2780E20F1F58DE8E00B4E0A1 /* Resources */,
			);
			buildRules = (
			);
			dependencies = (
			);
			name = ARKitMeasurementSample;
			productName = ARKitMeasurementSample;
			productReference = 2780E2111F58DE8E00B4E0A1 /* ARKitMeasurementSample.app */;
			productType = "com.apple.product-type.application";
		};
/* End PBXNativeTarget section */

/* Begin PBXProject section */
		2780E2091F58DE8E00B4E0A1 /* Project object */ = {
			isa = PBXProject;
			attributes = {
				LastSwiftUpdateCheck = 0900;
				LastUpgradeCheck = 0900;
				ORGANIZATIONNAME = Classmethod.Inc;
				TargetAttributes = {
					2780E2101F58DE8E00B4E0A1 = {
						CreatedOnToolsVersion = 9.0;
						ProvisioningStyle = Manual;
					};
				};
			};
			buildConfigurationList = 2780E20C1F58DE8E00B4E0A1 /* Build configuration list for PBXProject "ARKitMeasurementSample" */;
			compatibilityVersion = "Xcode 8.0";
			developmentRegion = en;
			hasScannedForEncodings = 0;
			knownRegions = (
				en,
				Base,
			);
			mainGroup = 2780E2081F58DE8E00B4E0A1;
			productRefGroup = 2780E2121F58DE8E00B4E0A1 /* Products */;
			projectDirPath = "";
			projectRoot = "";
			targets = (
				2780E2101F58DE8E00B4E0A1 /* ARKitMeasurementSample */,
			);
		};
/* End PBXProject section */

/* Begin PBXResourcesBuildPhase section */
		2780E20F1F58DE8E00B4E0A1 /* Resources */ = {
			isa = PBXResourcesBuildPhase;
			buildActionMask = 2147483647;
			files = (
				2780E2211F58DE8E00B4E0A1 /* LaunchScreen.storyboard in Resources */,
				2780E21E1F58DE8E00B4E0A1 /* Assets.xcassets in Resources */,
				2780E21C1F58DE8E00B4E0A1 /* Main.storyboard in Resources */,
			);
			runOnlyForDeploymentPostprocessing = 0;
		};
/* End PBXResourcesBuildPhase section */

/* Begin PBXSourcesBuildPhase section */
		2780E20D1F58DE8E00B4E0A1 /* Sources */ = {
			isa = PBXSourcesBuildPhase;
			buildActionMask = 2147483647;
			files = (
				2780E2291F58DEF800B4E0A1 /* RecordingButton.swift in Sources */,
				2780E2191F58DE8E00B4E0A1 /* ViewController.swift in Sources */,
				2780E2151F58DE8E00B4E0A1 /* AppDelegate.swift in Sources */,
			);
			runOnlyForDeploymentPostprocessing = 0;
		};
/* End PBXSourcesBuildPhase section */

/* Begin PBXVariantGroup section */
		2780E21A1F58DE8E00B4E0A1 /* Main.storyboard */ = {
			isa = PBXVariantGroup;
			children = (
				2780E21B1F58DE8E00B4E0A1 /* Base */,
			);
			name = Main.storyboard;
			sourceTree = "<group>";
		};
		2780E21F1F58DE8E00B4E0A1 /* LaunchScreen.storyboard */ = {
			isa = PBXVariantGroup;
			children = (
				2780E2201F58DE8E00B4E0A1 /* Base */,
			);
			name = LaunchScreen.storyboard;
			sourceTree = "<group>";
		};
/* End PBXVariantGroup section */

/* Begin XCBuildConfiguration section */
		2780E2231F58DE8E00B4E0A1 /* Debug */ = {
			isa = XCBuildConfiguration;
			buildSettings = {
				ALWAYS_SEARCH_USER_PATHS = NO;
				CLANG_ANALYZER_NONNULL = YES;
				CLANG_ANALYZER_NUMBER_OBJECT_CONVERSION = YES_AGGRESSIVE;
				CLANG_CXX_LANGUAGE_STANDARD = "gnu++14";
				CLANG_CXX_LIBRARY = "libc++";
				CLANG_ENABLE_MODULES = YES;
				CLANG_ENABLE_OBJC_ARC = YES;
				CLANG_WARN_BLOCK_CAPTURE_AUTORELEASING = YES;
				CLANG_WARN_BOOL_CONVERSION = YES;
				CLANG_WARN_COMMA = YES;
				CLANG_WARN_CONSTANT_CONVERSION = YES;
				CLANG_WARN_DIRECT_OBJC_ISA_USAGE = YES_ERROR;
				CLANG_WARN_DOCUMENTATION_COMMENTS = YES;
				CLANG_WARN_EMPTY_BODY = YES;
				CLANG_WARN_ENUM_CONVERSION = YES;
				CLANG_WARN_INFINITE_RECURSION = YES;
				CLANG_WARN_INT_CONVERSION = YES;
				CLANG_WARN_NON_LITERAL_NULL_CONVERSION = YES;
				CLANG_WARN_OBJC_LITERAL_CONVERSION = YES;
				CLANG_WARN_OBJC_ROOT_CLASS = YES_ERROR;
				CLANG_WARN_RANGE_LOOP_ANALYSIS = YES;
				CLANG_WARN_STRICT_PROTOTYPES = YES;
				CLANG_WARN_SUSPICIOUS_MOVE = YES;
				CLANG_WARN_UNGUARDED_AVAILABILITY = YES_AGGRESSIVE;
				CLANG_WARN_UNREACHABLE_CODE = YES;
				CLANG_WARN__DUPLICATE_METHOD_MATCH = YES;
				CODE_SIGN_IDENTITY = "iPhone Developer";
				COPY_PHASE_STRIP = NO;
				DEBUG_INFORMATION_FORMAT = dwarf;
				ENABLE_STRICT_OBJC_MSGSEND = YES;
				ENABLE_TESTABILITY = YES;
				GCC_C_LANGUAGE_STANDARD = gnu11;
				GCC_DYNAMIC_NO_PIC = NO;
				GCC_NO_COMMON_BLOCKS = YES;
				GCC_OPTIMIZATION_LEVEL = 0;
				GCC_PREPROCESSOR_DEFINITIONS = (
					"DEBUG=1",
					"$(inherited)",
				);
				GCC_WARN_64_TO_32_BIT_CONVERSION = YES;
				GCC_WARN_ABOUT_RETURN_TYPE = YES_ERROR;
				GCC_WARN_UNDECLARED_SELECTOR = YES;
				GCC_WARN_UNINITIALIZED_AUTOS = YES_AGGRESSIVE;
				GCC_WARN_UNUSED_FUNCTION = YES;
				GCC_WARN_UNUSED_VARIABLE = YES;
				IPHONEOS_DEPLOYMENT_TARGET = 11.0;
				MTL_ENABLE_DEBUG_INFO = YES;
				ONLY_ACTIVE_ARCH = YES;
				SDKROOT = iphoneos;
				SWIFT_ACTIVE_COMPILATION_CONDITIONS = DEBUG;
				SWIFT_OPTIMIZATION_LEVEL = "-Onone";
			};
			name = Debug;
		};
		2780E2241F58DE8E00B4E0A1 /* Release */ = {
			isa = XCBuildConfiguration;
			buildSettings = {
				ALWAYS_SEARCH_USER_PATHS = NO;
				CLANG_ANALYZER_NONNULL = YES;
				CLANG_ANALYZER_NUMBER_OBJECT_CONVERSION = YES_AGGRESSIVE;
				CLANG_CXX_LANGUAGE_STANDARD = "gnu++14";
				CLANG_CXX_LIBRARY = "libc++";
				CLANG_ENABLE_MODULES = YES;
				CLANG_ENABLE_OBJC_ARC = YES;
				CLANG_WARN_BLOCK_CAPTURE_AUTORELEASING = YES;
				CLANG_WARN_BOOL_CONVERSION = YES;
				CLANG_WARN_COMMA = YES;
				CLANG_WARN_CONSTANT_CONVERSION = YES;
				CLANG_WARN_DIRECT_OBJC_ISA_USAGE = YES_ERROR;
				CLANG_WARN_DOCUMENTATION_COMMENTS = YES;
				CLANG_WARN_EMPTY_BODY = YES;
				CLANG_WARN_ENUM_CONVERSION = YES;
				CLANG_WARN_INFINITE_RECURSION = YES;
				CLANG_WARN_INT_CONVERSION = YES;
				CLANG_WARN_NON_LITERAL_NULL_CONVERSION = YES;
				CLANG_WARN_OBJC_LITERAL_CONVERSION = YES;
				CLANG_WARN_OBJC_ROOT_CLASS = YES_ERROR;
				CLANG_WARN_RANGE_LOOP_ANALYSIS = YES;
				CLANG_WARN_STRICT_PROTOTYPES = YES;
				CLANG_WARN_SUSPICIOUS_MOVE = YES;
				CLANG_WARN_UNGUARDED_AVAILABILITY = YES_AGGRESSIVE;
				CLANG_WARN_UNREACHABLE_CODE = YES;
				CLANG_WARN__DUPLICATE_METHOD_MATCH = YES;
				CODE_SIGN_IDENTITY = "iPhone Developer";
				COPY_PHASE_STRIP = NO;
				DEBUG_INFORMATION_FORMAT = "dwarf-with-dsym";
				ENABLE_NS_ASSERTIONS = NO;
				ENABLE_STRICT_OBJC_MSGSEND = YES;
				GCC_C_LANGUAGE_STANDARD = gnu11;
				GCC_NO_COMMON_BLOCKS = YES;
				GCC_WARN_64_TO_32_BIT_CONVERSION = YES;
				GCC_WARN_ABOUT_RETURN_TYPE = YES_ERROR;
				GCC_WARN_UNDECLARED_SELECTOR = YES;
				GCC_WARN_UNINITIALIZED_AUTOS = YES_AGGRESSIVE;
				GCC_WARN_UNUSED_FUNCTION = YES;
				GCC_WARN_UNUSED_VARIABLE = YES;
				IPHONEOS_DEPLOYMENT_TARGET = 11.0;
				MTL_ENABLE_DEBUG_INFO = NO;
				SDKROOT = iphoneos;
				SWIFT_OPTIMIZATION_LEVEL = "-Owholemodule";
				VALIDATE_PRODUCT = YES;
			};
			name = Release;
		};
		2780E2261F58DE8E00B4E0A1 /* Debug */ = {
			isa = XCBuildConfiguration;
			buildSettings = {
				ASSETCATALOG_COMPILER_APPICON_NAME = AppIcon;
				"CODE_SIGN_IDENTITY[sdk=iphoneos*]" = "iPhone Developer";
				CODE_SIGN_STYLE = Manual;
				DEVELOPMENT_TEAM = T32GQ84AVX;
				INFOPLIST_FILE = ARKitMeasurementSample/Info.plist;
				LD_RUNPATH_SEARCH_PATHS = "$(inherited) @executable_path/Frameworks";
				PRODUCT_BUNDLE_IDENTIFIER = jp.ne.sapporoworks.MeasurementSample;
				PRODUCT_NAME = "$(TARGET_NAME)";
				PROVISIONING_PROFILE = "81a54858-515a-4916-8f9b-3d1252884a10";
				PROVISIONING_PROFILE_SPECIFIER = ARKitMeasurementSample;
				SWIFT_VERSION = 4.0;
				TARGETED_DEVICE_FAMILY = "1,2";
			};
			name = Debug;
		};
		2780E2271F58DE8E00B4E0A1 /* Release */ = {
			isa = XCBuildConfiguration;
			buildSettings = {
				ASSETCATALOG_COMPILER_APPICON_NAME = AppIcon;
				"CODE_SIGN_IDENTITY[sdk=iphoneos*]" = "iPhone Developer";
				CODE_SIGN_STYLE = Manual;
				DEVELOPMENT_TEAM = T32GQ84AVX;
				INFOPLIST_FILE = ARKitMeasurementSample/Info.plist;
				LD_RUNPATH_SEARCH_PATHS = "$(inherited) @executable_path/Frameworks";
				PRODUCT_BUNDLE_IDENTIFIER = jp.ne.sapporoworks.MeasurementSample;
				PRODUCT_NAME = "$(TARGET_NAME)";
				PROVISIONING_PROFILE = "81a54858-515a-4916-8f9b-3d1252884a10";
				PROVISIONING_PROFILE_SPECIFIER = ARKitMeasurementSample;
				SWIFT_VERSION = 4.0;
				TARGETED_DEVICE_FAMILY = "1,2";
			};
			name = Release;
		};
/* End XCBuildConfiguration section */

/* Begin XCConfigurationList section */
		2780E20C1F58DE8E00B4E0A1 /* Build configuration list for PBXProject "ARKitMeasurementSample" */ = {
			isa = XCConfigurationList;
			buildConfigurations = (
				2780E2231F58DE8E00B4E0A1 /* Debug */,
				2780E2241F58DE8E00B4E0A1 /* Release */,
			);
			defaultConfigurationIsVisible = 0;
			defaultConfigurationName = Release;
		};
		2780E2251F58DE8E00B4E0A1 /* Build configuration list for PBXNativeTarget "ARKitMeasurementSample" */ = {
			isa = XCConfigurationList;
			buildConfigurations = (
				2780E2261F58DE8E00B4E0A1 /* Debug */,
				2780E2271F58DE8E00B4E0A1 /* Release */,
			);
			defaultConfigurationIsVisible = 0;
			defaultConfigurationName = Release;
		};
/* End XCConfigurationList section */
	};
	rootObject = 2780E2091F58DE8E00B4E0A1 /* Project object */;
}
